
Microsoft Visual Studio Solution File, Format Version 12.00
# Visual Studio Version 17
VisualStudioVersion = 17.6.33815.320
MinimumVisualStudioVersion = 10.0.40219.1
Project("{8BC9CEB8-8B4A-11D0-8D11-00A0C91BC942}") = "Lab 1", "Lab 1\Lab 1.vcxproj", "{C68CF310-0B9A-42CD-93FF-0D840F83B85B}"
EndProject
Project("{9A19103F-16F7-4668-BE54-9A1E7A4F7556}") = "Lab 2", "Lab 2\Lab 2.csproj", "{580CF079-8BB7-4031-B2EF-F4B31ADA9E53}"
EndProject
Project("{9A19103F-16F7-4668-BE54-9A1E7A4F7556}") = "Lab 3", "Lab 3\Lab 3.csproj", "{8CA1A668-60AB-4D8C-8C3F-5A68489EE799}"
EndProject
Project("{9A19103F-16F7-4668-BE54-9A1E7A4F7556}") = "Lab 4", "Lab 4\Lab 4.csproj", "{FB783778-FD66-4322-A799-6A0940606764}"
EndProject
Project("{9A19103F-16F7-4668-BE54-9A1E7A4F7556}") = "Lab 5 Logics", "Lab 5 Logics\Lab 5 Logics.csproj", "{AACC98BC-F489-4B78-B8ED-06868ED1419E}"
EndProject
Project("{9A19103F-16F7-4668-BE54-9A1E7A4F7556}") = "Lab 5", "Lab 5\Lab 5.csproj", "{3642467D-34E2-4B40-9D7F-5D2589D0244E}"
EndProject
Project("{9A19103F-16F7-4668-BE54-9A1E7A4F7556}") = "Tester", "Tester\Tester.csproj", "{0F029DC9-EF20-4252-BC9A-AC1F2D2A60EF}"
EndProject
Project("{9A19103F-16F7-4668-BE54-9A1E7A4F7556}") = "Lab 6", "Lab 6\Lab 6.csproj", "{920A1572-22D1-4260-890D-8DBB6C2677C7}"
EndProject
Project("{9A19103F-16F7-4668-BE54-9A1E7A4F7556}") = "Lab 7", "Lab 7\Lab 7.csproj", "{AE318050-F9EB-4AE2-94CA-8906BEA1EEFD}"
EndProject
Project("{FAE04EC0-301F-11D3-BF4B-00C04F79EFBC}") = "Lab 8", "Lab 8\Lab 8.csproj", "{044F7534-AE7F-4404-9BEA-133298E636AC}"
EndProject
Global
	GlobalSection(SolutionConfigurationPlatforms) = preSolution
		Debug|Any CPU = Debug|Any CPU
		Debug|x64 = Debug|x64
		Debug|x86 = Debug|x86
		Release|Any CPU = Release|Any CPU
		Release|x64 = Release|x64
		Release|x86 = Release|x86
	EndGlobalSection
	GlobalSection(ProjectConfigurationPlatforms) = postSolution
		{C68CF310-0B9A-42CD-93FF-0D840F83B85B}.Debug|Any CPU.ActiveCfg = Debug|x64
		{C68CF310-0B9A-42CD-93FF-0D840F83B85B}.Debug|Any CPU.Build.0 = Debug|x64
		{C68CF310-0B9A-42CD-93FF-0D840F83B85B}.Debug|x64.ActiveCfg = Debug|x64
		{C68CF310-0B9A-42CD-93FF-0D840F83B85B}.Debug|x64.Build.0 = Debug|x64
		{C68CF310-0B9A-42CD-93FF-0D840F83B85B}.Debug|x86.ActiveCfg = Debug|Win32
		{C68CF310-0B9A-42CD-93FF-0D840F83B85B}.Debug|x86.Build.0 = Debug|Win32
		{C68CF310-0B9A-42CD-93FF-0D840F83B85B}.Release|Any CPU.ActiveCfg = Release|x64
		{C68CF310-0B9A-42CD-93FF-0D840F83B85B}.Release|Any CPU.Build.0 = Release|x64
		{C68CF310-0B9A-42CD-93FF-0D840F83B85B}.Release|x64.ActiveCfg = Release|x64
		{C68CF310-0B9A-42CD-93FF-0D840F83B85B}.Release|x64.Build.0 = Release|x64
		{C68CF310-0B9A-42CD-93FF-0D840F83B85B}.Release|x86.ActiveCfg = Release|Win32
		{C68CF310-0B9A-42CD-93FF-0D840F83B85B}.Release|x86.Build.0 = Release|Win32
		{580CF079-8BB7-4031-B2EF-F4B31ADA9E53}.Debug|Any CPU.ActiveCfg = Debug|Any CPU
		{580CF079-8BB7-4031-B2EF-F4B31ADA9E53}.Debug|Any CPU.Build.0 = Debug|Any CPU
		{580CF079-8BB7-4031-B2EF-F4B31ADA9E53}.Debug|x64.ActiveCfg = Debug|Any CPU
		{580CF079-8BB7-4031-B2EF-F4B31ADA9E53}.Debug|x64.Build.0 = Debug|Any CPU
		{580CF079-8BB7-4031-B2EF-F4B31ADA9E53}.Debug|x86.ActiveCfg = Debug|Any CPU
		{580CF079-8BB7-4031-B2EF-F4B31ADA9E53}.Debug|x86.Build.0 = Debug|Any CPU
		{580CF079-8BB7-4031-B2EF-F4B31ADA9E53}.Release|Any CPU.ActiveCfg = Release|Any CPU
		{580CF079-8BB7-4031-B2EF-F4B31ADA9E53}.Release|Any CPU.Build.0 = Release|Any CPU
		{580CF079-8BB7-4031-B2EF-F4B31ADA9E53}.Release|x64.ActiveCfg = Release|Any CPU
		{580CF079-8BB7-4031-B2EF-F4B31ADA9E53}.Release|x64.Build.0 = Release|Any CPU
		{580CF079-8BB7-4031-B2EF-F4B31ADA9E53}.Release|x86.ActiveCfg = Release|Any CPU
		{580CF079-8BB7-4031-B2EF-F4B31ADA9E53}.Release|x86.Build.0 = Release|Any CPU
		{8CA1A668-60AB-4D8C-8C3F-5A68489EE799}.Debug|Any CPU.ActiveCfg = Debug|Any CPU
		{8CA1A668-60AB-4D8C-8C3F-5A68489EE799}.Debug|Any CPU.Build.0 = Debug|Any CPU
		{8CA1A668-60AB-4D8C-8C3F-5A68489EE799}.Debug|x64.ActiveCfg = Debug|Any CPU
		{8CA1A668-60AB-4D8C-8C3F-5A68489EE799}.Debug|x64.Build.0 = Debug|Any CPU
		{8CA1A668-60AB-4D8C-8C3F-5A68489EE799}.Debug|x86.ActiveCfg = Debug|Any CPU
		{8CA1A668-60AB-4D8C-8C3F-5A68489EE799}.Debug|x86.Build.0 = Debug|Any CPU
		{8CA1A668-60AB-4D8C-8C3F-5A68489EE799}.Release|Any CPU.ActiveCfg = Release|Any CPU
		{8CA1A668-60AB-4D8C-8C3F-5A68489EE799}.Release|Any CPU.Build.0 = Release|Any CPU
		{8CA1A668-60AB-4D8C-8C3F-5A68489EE799}.Release|x64.ActiveCfg = Release|Any CPU
		{8CA1A668-60AB-4D8C-8C3F-5A68489EE799}.Release|x64.Build.0 = Release|Any CPU
		{8CA1A668-60AB-4D8C-8C3F-5A68489EE799}.Release|x86.ActiveCfg = Release|Any CPU
		{8CA1A668-60AB-4D8C-8C3F-5A68489EE799}.Release|x86.Build.0 = Release|Any CPU
		{FB783778-FD66-4322-A799-6A0940606764}.Debug|Any CPU.ActiveCfg = Debug|Any CPU
		{FB783778-FD66-4322-A799-6A0940606764}.Debug|Any CPU.Build.0 = Debug|Any CPU
		{FB783778-FD66-4322-A799-6A0940606764}.Debug|x64.ActiveCfg = Debug|Any CPU
		{FB783778-FD66-4322-A799-6A0940606764}.Debug|x64.Build.0 = Debug|Any CPU
		{FB783778-FD66-4322-A799-6A0940606764}.Debug|x86.ActiveCfg = Debug|Any CPU
		{FB783778-FD66-4322-A799-6A0940606764}.Debug|x86.Build.0 = Debug|Any CPU
		{FB783778-FD66-4322-A799-6A0940606764}.Release|Any CPU.ActiveCfg = Release|Any CPU
		{FB783778-FD66-4322-A799-6A0940606764}.Release|Any CPU.Build.0 = Release|Any CPU
		{FB783778-FD66-4322-A799-6A0940606764}.Release|x64.ActiveCfg = Release|Any CPU
		{FB783778-FD66-4322-A799-6A0940606764}.Release|x64.Build.0 = Release|Any CPU
		{FB783778-FD66-4322-A799-6A0940606764}.Release|x86.ActiveCfg = Release|Any CPU
		{FB783778-FD66-4322-A799-6A0940606764}.Release|x86.Build.0 = Release|Any CPU
		{AACC98BC-F489-4B78-B8ED-06868ED1419E}.Debug|Any CPU.ActiveCfg = Debug|Any CPU
		{AACC98BC-F489-4B78-B8ED-06868ED1419E}.Debug|Any CPU.Build.0 = Debug|Any CPU
		{AACC98BC-F489-4B78-B8ED-06868ED1419E}.Debug|x64.ActiveCfg = Debug|Any CPU
		{AACC98BC-F489-4B78-B8ED-06868ED1419E}.Debug|x64.Build.0 = Debug|Any CPU
		{AACC98BC-F489-4B78-B8ED-06868ED1419E}.Debug|x86.ActiveCfg = Debug|Any CPU
		{AACC98BC-F489-4B78-B8ED-06868ED1419E}.Debug|x86.Build.0 = Debug|Any CPU
		{AACC98BC-F489-4B78-B8ED-06868ED1419E}.Release|Any CPU.ActiveCfg = Release|Any CPU
		{AACC98BC-F489-4B78-B8ED-06868ED1419E}.Release|Any CPU.Build.0 = Release|Any CPU
		{AACC98BC-F489-4B78-B8ED-06868ED1419E}.Release|x64.ActiveCfg = Release|Any CPU
		{AACC98BC-F489-4B78-B8ED-06868ED1419E}.Release|x64.Build.0 = Release|Any CPU
		{AACC98BC-F489-4B78-B8ED-06868ED1419E}.Release|x86.ActiveCfg = Release|Any CPU
		{AACC98BC-F489-4B78-B8ED-06868ED1419E}.Release|x86.Build.0 = Release|Any CPU
		{3642467D-34E2-4B40-9D7F-5D2589D0244E}.Debug|Any CPU.ActiveCfg = Debug|Any CPU
		{3642467D-34E2-4B40-9D7F-5D2589D0244E}.Debug|Any CPU.Build.0 = Debug|Any CPU
		{3642467D-34E2-4B40-9D7F-5D2589D0244E}.Debug|x64.ActiveCfg = Debug|Any CPU
		{3642467D-34E2-4B40-9D7F-5D2589D0244E}.Debug|x64.Build.0 = Debug|Any CPU
		{3642467D-34E2-4B40-9D7F-5D2589D0244E}.Debug|x86.ActiveCfg = Debug|Any CPU
		{3642467D-34E2-4B40-9D7F-5D2589D0244E}.Debug|x86.Build.0 = Debug|Any CPU
		{3642467D-34E2-4B40-9D7F-5D2589D0244E}.Release|Any CPU.ActiveCfg = Release|Any CPU
		{3642467D-34E2-4B40-9D7F-5D2589D0244E}.Release|Any CPU.Build.0 = Release|Any CPU
		{3642467D-34E2-4B40-9D7F-5D2589D0244E}.Release|x64.ActiveCfg = Release|Any CPU
		{3642467D-34E2-4B40-9D7F-5D2589D0244E}.Release|x64.Build.0 = Release|Any CPU
		{3642467D-34E2-4B40-9D7F-5D2589D0244E}.Release|x86.ActiveCfg = Release|Any CPU
		{3642467D-34E2-4B40-9D7F-5D2589D0244E}.Release|x86.Build.0 = Release|Any CPU
		{0F029DC9-EF20-4252-BC9A-AC1F2D2A60EF}.Debug|Any CPU.ActiveCfg = Debug|Any CPU
		{0F029DC9-EF20-4252-BC9A-AC1F2D2A60EF}.Debug|Any CPU.Build.0 = Debug|Any CPU
		{0F029DC9-EF20-4252-BC9A-AC1F2D2A60EF}.Debug|x64.ActiveCfg = Debug|Any CPU
		{0F029DC9-EF20-4252-BC9A-AC1F2D2A60EF}.Debug|x64.Build.0 = Debug|Any CPU
		{0F029DC9-EF20-4252-BC9A-AC1F2D2A60EF}.Debug|x86.ActiveCfg = Debug|Any CPU
		{0F029DC9-EF20-4252-BC9A-AC1F2D2A60EF}.Debug|x86.Build.0 = Debug|Any CPU
		{0F029DC9-EF20-4252-BC9A-AC1F2D2A60EF}.Release|Any CPU.ActiveCfg = Release|Any CPU
		{0F029DC9-EF20-4252-BC9A-AC1F2D2A60EF}.Release|Any CPU.Build.0 = Release|Any CPU
		{0F029DC9-EF20-4252-BC9A-AC1F2D2A60EF}.Release|x64.ActiveCfg = Release|Any CPU
		{0F029DC9-EF20-4252-BC9A-AC1F2D2A60EF}.Release|x64.Build.0 = Release|Any CPU
		{0F029DC9-EF20-4252-BC9A-AC1F2D2A60EF}.Release|x86.ActiveCfg = Release|Any CPU
		{0F029DC9-EF20-4252-BC9A-AC1F2D2A60EF}.Release|x86.Build.0 = Release|Any CPU
		{920A1572-22D1-4260-890D-8DBB6C2677C7}.Debug|Any CPU.ActiveCfg = Debug|Any CPU
		{920A1572-22D1-4260-890D-8DBB6C2677C7}.Debug|Any CPU.Build.0 = Debug|Any CPU
		{920A1572-22D1-4260-890D-8DBB6C2677C7}.Debug|x64.ActiveCfg = Debug|Any CPU
		{920A1572-22D1-4260-890D-8DBB6C2677C7}.Debug|x64.Build.0 = Debug|Any CPU
		{920A1572-22D1-4260-890D-8DBB6C2677C7}.Debug|x86.ActiveCfg = Debug|Any CPU
		{920A1572-22D1-4260-890D-8DBB6C2677C7}.Debug|x86.Build.0 = Debug|Any CPU
		{920A1572-22D1-4260-890D-8DBB6C2677C7}.Release|Any CPU.ActiveCfg = Release|Any CPU
		{920A1572-22D1-4260-890D-8DBB6C2677C7}.Release|Any CPU.Build.0 = Release|Any CPU
		{920A1572-22D1-4260-890D-8DBB6C2677C7}.Release|x64.ActiveCfg = Release|Any CPU
		{920A1572-22D1-4260-890D-8DBB6C2677C7}.Release|x64.Build.0 = Release|Any CPU
		{920A1572-22D1-4260-890D-8DBB6C2677C7}.Release|x86.ActiveCfg = Release|Any CPU
		{920A1572-22D1-4260-890D-8DBB6C2677C7}.Release|x86.Build.0 = Release|Any CPU
		{AE318050-F9EB-4AE2-94CA-8906BEA1EEFD}.Debug|Any CPU.ActiveCfg = Debug|Any CPU
		{AE318050-F9EB-4AE2-94CA-8906BEA1EEFD}.Debug|Any CPU.Build.0 = Debug|Any CPU
		{AE318050-F9EB-4AE2-94CA-8906BEA1EEFD}.Debug|x64.ActiveCfg = Debug|Any CPU
		{AE318050-F9EB-4AE2-94CA-8906BEA1EEFD}.Debug|x64.Build.0 = Debug|Any CPU
		{AE318050-F9EB-4AE2-94CA-8906BEA1EEFD}.Debug|x86.ActiveCfg = Debug|Any CPU
		{AE318050-F9EB-4AE2-94CA-8906BEA1EEFD}.Debug|x86.Build.0 = Debug|Any CPU
		{AE318050-F9EB-4AE2-94CA-8906BEA1EEFD}.Release|Any CPU.ActiveCfg = Release|Any CPU
		{AE318050-F9EB-4AE2-94CA-8906BEA1EEFD}.Release|Any CPU.Build.0 = Release|Any CPU
		{AE318050-F9EB-4AE2-94CA-8906BEA1EEFD}.Release|x64.ActiveCfg = Release|Any CPU
		{AE318050-F9EB-4AE2-94CA-8906BEA1EEFD}.Release|x64.Build.0 = Release|Any CPU
		{AE318050-F9EB-4AE2-94CA-8906BEA1EEFD}.Release|x86.ActiveCfg = Release|Any CPU
		{AE318050-F9EB-4AE2-94CA-8906BEA1EEFD}.Release|x86.Build.0 = Release|Any CPU
		{044F7534-AE7F-4404-9BEA-133298E636AC}.Debug|Any CPU.ActiveCfg = Debug|Any CPU
		{044F7534-AE7F-4404-9BEA-133298E636AC}.Debug|Any CPU.Build.0 = Debug|Any CPU
		{044F7534-AE7F-4404-9BEA-133298E636AC}.Debug|x64.ActiveCfg = Debug|Any CPU
		{044F7534-AE7F-4404-9BEA-133298E636AC}.Debug|x64.Build.0 = Debug|Any CPU
		{044F7534-AE7F-4404-9BEA-133298E636AC}.Debug|x86.ActiveCfg = Debug|Any CPU
		{044F7534-AE7F-4404-9BEA-133298E636AC}.Debug|x86.Build.0 = Debug|Any CPU
		{044F7534-AE7F-4404-9BEA-133298E636AC}.Release|Any CPU.ActiveCfg = Release|Any CPU
		{044F7534-AE7F-4404-9BEA-133298E636AC}.Release|Any CPU.Build.0 = Release|Any CPU
		{044F7534-AE7F-4404-9BEA-133298E636AC}.Release|x64.ActiveCfg = Release|Any CPU
		{044F7534-AE7F-4404-9BEA-133298E636AC}.Release|x64.Build.0 = Release|Any CPU
		{044F7534-AE7F-4404-9BEA-133298E636AC}.Release|x86.ActiveCfg = Release|Any CPU
		{044F7534-AE7F-4404-9BEA-133298E636AC}.Release|x86.Build.0 = Release|Any CPU
	EndGlobalSection
	GlobalSection(SolutionProperties) = preSolution
		HideSolutionNode = FALSE
	EndGlobalSection
	GlobalSection(ExtensibilityGlobals) = postSolution
		SolutionGuid = {865EF4B1-C535-4842-8C19-1D880ED348B1}
	EndGlobalSection
EndGlobal
